
Microsoft Visual Studio Solution File, Format Version 12.00
# Visual Studio Version 17
VisualStudioVersion = 17.0.31912.275
MinimumVisualStudioVersion = 10.0.40219.1
Project("{8BC9CEB8-8B4A-11D0-8D11-00A0C91BC942}") = "ConsoleApplication1", "ConsoleApplication1\ConsoleApplication1.vcxproj", "{6492D405-A9E8-46C8-AD7A-EFF487FB6C1A}"
EndProject
Project("{8BC9CEB8-8B4A-11D0-8D11-00A0C91BC942}") = "ConsoleApplication2", "ConsoleApplication2\ConsoleApplication2.vcxproj", "{94AA7AD6-B7BB-4B23-BFA8-446E6445E82E}"
	ProjectSection(ProjectDependencies) = postProject
		{B3ED59DF-AF49-45C2-82DE-777C69824329} = {B3ED59DF-AF49-45C2-82DE-777C69824329}
	EndProjectSection
EndProject
Project("{8BC9CEB8-8B4A-11D0-8D11-00A0C91BC942}") = "Dll1", "Dll1\Dll1.vcxproj", "{B3ED59DF-AF49-45C2-82DE-777C69824329}"
EndProject
Global
	GlobalSection(SolutionConfigurationPlatforms) = preSolution
		Debug|x64 = Debug|x64
		Debug|x86 = Debug|x86
		Release|x64 = Release|x64
		Release|x86 = Release|x86
	EndGlobalSection
	GlobalSection(ProjectConfigurationPlatforms) = postSolution
		{6492D405-A9E8-46C8-AD7A-EFF487FB6C1A}.Debug|x64.ActiveCfg = Debug|x64
		{6492D405-A9E8-46C8-AD7A-EFF487FB6C1A}.Debug|x64.Build.0 = Debug|x64
		{6492D405-A9E8-46C8-AD7A-EFF487FB6C1A}.Debug|x86.ActiveCfg = Debug|Win32
		{6492D405-A9E8-46C8-AD7A-EFF487FB6C1A}.Debug|x86.Build.0 = Debug|Win32
		{6492D405-A9E8-46C8-AD7A-EFF487FB6C1A}.Release|x64.ActiveCfg = Release|x64
		{6492D405-A9E8-46C8-AD7A-EFF487FB6C1A}.Release|x64.Build.0 = Release|x64
		{6492D405-A9E8-46C8-AD7A-EFF487FB6C1A}.Release|x86.ActiveCfg = Release|Win32
		{6492D405-A9E8-46C8-AD7A-EFF487FB6C1A}.Release|x86.Build.0 = Release|Win32
		{94AA7AD6-B7BB-4B23-BFA8-446E6445E82E}.Debug|x64.ActiveCfg = Debug|x64
		{94AA7AD6-B7BB-4B23-BFA8-446E6445E82E}.Debug|x64.Build.0 = Debug|x64
		{94AA7AD6-B7BB-4B23-BFA8-446E6445E82E}.Debug|x86.ActiveCfg = Debug|Win32
		{94AA7AD6-B7BB-4B23-BFA8-446E6445E82E}.Debug|x86.Build.0 = Debug|Win32
		{94AA7AD6-B7BB-4B23-BFA8-446E6445E82E}.Release|x64.ActiveCfg = Release|x64
		{94AA7AD6-B7BB-4B23-BFA8-446E6445E82E}.Release|x64.Build.0 = Release|x64
		{94AA7AD6-B7BB-4B23-BFA8-446E6445E82E}.Release|x86.ActiveCfg = Release|Win32
		{94AA7AD6-B7BB-4B23-BFA8-446E6445E82E}.Release|x86.Build.0 = Release|Win32
		{B3ED59DF-AF49-45C2-82DE-777C69824329}.Debug|x64.ActiveCfg = Debug|x64
		{B3ED59DF-AF49-45C2-82DE-777C69824329}.Debug|x64.Build.0 = Debug|x64
		{B3ED59DF-AF49-45C2-82DE-777C69824329}.Debug|x86.ActiveCfg = Debug|Win32
		{B3ED59DF-AF49-45C2-82DE-777C69824329}.Debug|x86.Build.0 = Debug|Win32
		{B3ED59DF-AF49-45C2-82DE-777C69824329}.Release|x64.ActiveCfg = Release|x64
		{B3ED59DF-AF49-45C2-82DE-777C69824329}.Release|x64.Build.0 = Release|x64
		{B3ED59DF-AF49-45C2-82DE-777C69824329}.Release|x86.ActiveCfg = Release|Win32
		{B3ED59DF-AF49-45C2-82DE-777C69824329}.Release|x86.Build.0 = Release|Win32
	EndGlobalSection
	GlobalSection(SolutionProperties) = preSolution
		HideSolutionNode = FALSE
	EndGlobalSection
	GlobalSection(ExtensibilityGlobals) = postSolution
		SolutionGuid = {ECAF2C9B-1E2C-4BD1-BCE1-F694545DB768}
	EndGlobalSection
EndGlobal
